// !$*UTF8*$!
{
	archiveVersion = 1;
	classes = {
	};
	objectVersion = 50;
	objects = {

/* Begin PBXBuildFile section */
		F94FD6442155B22700BC49B2 /* AppDelegate.swift in Sources */ = {isa = PBXBuildFile; fileRef = F94FD6432155B22700BC49B2 /* AppDelegate.swift */; };
		F94FD6462155B22700BC49B2 /* ViewController.swift in Sources */ = {isa = PBXBuildFile; fileRef = F94FD6452155B22700BC49B2 /* ViewController.swift */; };
		F94FD6492155B22700BC49B2 /* Main.storyboard in Resources */ = {isa = PBXBuildFile; fileRef = F94FD6472155B22700BC49B2 /* Main.storyboard */; };
		F94FD64B2155B22700BC49B2 /* Assets.xcassets in Resources */ = {isa = PBXBuildFile; fileRef = F94FD64A2155B22700BC49B2 /* Assets.xcassets */; };
		F94FD64E2155B22700BC49B2 /* LaunchScreen.storyboard in Resources */ = {isa = PBXBuildFile; fileRef = F94FD64C2155B22700BC49B2 /* LaunchScreen.storyboard */; };
		F94FD6592155B22700BC49B2 /* ios_googlemaps_helloworldTests.swift in Sources */ = {isa = PBXBuildFile; fileRef = F94FD6582155B22700BC49B2 /* ios_googlemaps_helloworldTests.swift */; };
		F94FD6642155B22700BC49B2 /* ios_googlemaps_helloworldUITests.swift in Sources */ = {isa = PBXBuildFile; fileRef = F94FD6632155B22700BC49B2 /* ios_googlemaps_helloworldUITests.swift */; };
/* End PBXBuildFile section */

/* Begin PBXContainerItemProxy section */
		F94FD6552155B22700BC49B2 /* PBXContainerItemProxy */ = {
			isa = PBXContainerItemProxy;
			containerPortal = F94FD6382155B22700BC49B2 /* Project object */;
			proxyType = 1;
			remoteGlobalIDString = F94FD63F2155B22700BC49B2;
			remoteInfo = "ios-googlemaps-helloworld";
		};
		F94FD6602155B22700BC49B2 /* PBXContainerItemProxy */ = {
			isa = PBXContainerItemProxy;
			containerPortal = F94FD6382155B22700BC49B2 /* Project object */;
			proxyType = 1;
			remoteGlobalIDString = F94FD63F2155B22700BC49B2;
			remoteInfo = "ios-googlemaps-helloworld";
		};
/* End PBXContainerItemProxy section */

/* Begin PBXFileReference section */
		F94FD6402155B22700BC49B2 /* ios-googlemaps-helloworld.app */ = {isa = PBXFileReference; explicitFileType = wrapper.application; includeInIndex = 0; path = "ios-googlemaps-helloworld.app"; sourceTree = BUILT_PRODUCTS_DIR; };
		F94FD6432155B22700BC49B2 /* AppDelegate.swift */ = {isa = PBXFileReference; lastKnownFileType = sourcecode.swift; path = AppDelegate.swift; sourceTree = "<group>"; };
		F94FD6452155B22700BC49B2 /* ViewController.swift */ = {isa = PBXFileReference; lastKnownFileType = sourcecode.swift; path = ViewController.swift; sourceTree = "<group>"; };
		F94FD6482155B22700BC49B2 /* Base */ = {isa = PBXFileReference; lastKnownFileType = file.storyboard; name = Base; path = Base.lproj/Main.storyboard; sourceTree = "<group>"; };
		F94FD64A2155B22700BC49B2 /* Assets.xcassets */ = {isa = PBXFileReference; lastKnownFileType = folder.assetcatalog; path = Assets.xcassets; sourceTree = "<group>"; };
		F94FD64D2155B22700BC49B2 /* Base */ = {isa = PBXFileReference; lastKnownFileType = file.storyboard; name = Base; path = Base.lproj/LaunchScreen.storyboard; sourceTree = "<group>"; };
		F94FD64F2155B22700BC49B2 /* Info.plist */ = {isa = PBXFileReference; lastKnownFileType = text.plist.xml; path = Info.plist; sourceTree = "<group>"; };
		F94FD6542155B22700BC49B2 /* ios-googlemaps-helloworldTests.xctest */ = {isa = PBXFileReference; explicitFileType = wrapper.cfbundle; includeInIndex = 0; path = "ios-googlemaps-helloworldTests.xctest"; sourceTree = BUILT_PRODUCTS_DIR; };
		F94FD6582155B22700BC49B2 /* ios_googlemaps_helloworldTests.swift */ = {isa = PBXFileReference; lastKnownFileType = sourcecode.swift; path = ios_googlemaps_helloworldTests.swift; sourceTree = "<group>"; };
		F94FD65A2155B22700BC49B2 /* Info.plist */ = {isa = PBXFileReference; lastKnownFileType = text.plist.xml; path = Info.plist; sourceTree = "<group>"; };
		F94FD65F2155B22700BC49B2 /* ios-googlemaps-helloworldUITests.xctest */ = {isa = PBXFileReference; explicitFileType = wrapper.cfbundle; includeInIndex = 0; path = "ios-googlemaps-helloworldUITests.xctest"; sourceTree = BUILT_PRODUCTS_DIR; };
		F94FD6632155B22700BC49B2 /* ios_googlemaps_helloworldUITests.swift */ = {isa = PBXFileReference; lastKnownFileType = sourcecode.swift; path = ios_googlemaps_helloworldUITests.swift; sourceTree = "<group>"; };
		F94FD6652155B22700BC49B2 /* Info.plist */ = {isa = PBXFileReference; lastKnownFileType = text.plist.xml; path = Info.plist; sourceTree = "<group>"; };
/* End PBXFileReference section */

/* Begin PBXFrameworksBuildPhase section */
		F94FD63D2155B22700BC49B2 /* Frameworks */ = {
			isa = PBXFrameworksBuildPhase;
			buildActionMask = 2147483647;
			files = (
			);
			runOnlyForDeploymentPostprocessing = 0;
		};
		F94FD6512155B22700BC49B2 /* Frameworks */ = {
			isa = PBXFrameworksBuildPhase;
			buildActionMask = 2147483647;
			files = (
			);
			runOnlyForDeploymentPostprocessing = 0;
		};
		F94FD65C2155B22700BC49B2 /* Frameworks */ = {
			isa = PBXFrameworksBuildPhase;
			buildActionMask = 2147483647;
			files = (
			);
			runOnlyForDeploymentPostprocessing = 0;
		};
/* End PBXFrameworksBuildPhase section */

/* Begin PBXGroup section */
		F94FD6372155B22700BC49B2 = {
			isa = PBXGroup;
			children = (
				F94FD6422155B22700BC49B2 /* ios-googlemaps-helloworld */,
				F94FD6572155B22700BC49B2 /* ios-googlemaps-helloworldTests */,
				F94FD6622155B22700BC49B2 /* ios-googlemaps-helloworldUITests */,
				F94FD6412155B22700BC49B2 /* Products */,
			);
			sourceTree = "<group>";
		};
		F94FD6412155B22700BC49B2 /* Products */ = {
			isa = PBXGroup;
			children = (
				F94FD6402155B22700BC49B2 /* ios-googlemaps-helloworld.app */,
				F94FD6542155B22700BC49B2 /* ios-googlemaps-helloworldTests.xctest */,
				F94FD65F2155B22700BC49B2 /* ios-googlemaps-helloworldUITests.xctest */,
			);
			name = Products;
			sourceTree = "<group>";
		};
		F94FD6422155B22700BC49B2 /* ios-googlemaps-helloworld */ = {
			isa = PBXGroup;
			children = (
				F94FD6432155B22700BC49B2 /* AppDelegate.swift */,
				F94FD6452155B22700BC49B2 /* ViewController.swift */,
				F94FD6472155B22700BC49B2 /* Main.storyboard */,
				F94FD64A2155B22700BC49B2 /* Assets.xcassets */,
				F94FD64C2155B22700BC49B2 /* LaunchScreen.storyboard */,
				F94FD64F2155B22700BC49B2 /* Info.plist */,
			);
			path = "ios-googlemaps-helloworld";
			sourceTree = "<group>";
		};
		F94FD6572155B22700BC49B2 /* ios-googlemaps-helloworldTests */ = {
			isa = PBXGroup;
			children = (
				F94FD6582155B22700BC49B2 /* ios_googlemaps_helloworldTests.swift */,
				F94FD65A2155B22700BC49B2 /* Info.plist */,
			);
			path = "ios-googlemaps-helloworldTests";
			sourceTree = "<group>";
		};
		F94FD6622155B22700BC49B2 /* ios-googlemaps-helloworldUITests */ = {
			isa = PBXGroup;
			children = (
				F94FD6632155B22700BC49B2 /* ios_googlemaps_helloworldUITests.swift */,
				F94FD6652155B22700BC49B2 /* Info.plist */,
			);
			path = "ios-googlemaps-helloworldUITests";
			sourceTree = "<group>";
		};
/* End PBXGroup section */

/* Begin PBXNativeTarget section */
		F94FD63F2155B22700BC49B2 /* ios-googlemaps-helloworld */ = {
			isa = PBXNativeTarget;
			buildConfigurationList = F94FD6682155B22700BC49B2 /* Build configuration list for PBXNativeTarget "ios-googlemaps-helloworld" */;
			buildPhases = (
				F94FD63C2155B22700BC49B2 /* Sources */,
				F94FD63D2155B22700BC49B2 /* Frameworks */,
				F94FD63E2155B22700BC49B2 /* Resources */,
			);
			buildRules = (
			);
			dependencies = (
			);
			name = "ios-googlemaps-helloworld";
			productName = "ios-googlemaps-helloworld";
			productReference = F94FD6402155B22700BC49B2 /* ios-googlemaps-helloworld.app */;
			productType = "com.apple.product-type.application";
		};
		F94FD6532155B22700BC49B2 /* ios-googlemaps-helloworldTests */ = {
			isa = PBXNativeTarget;
			buildConfigurationList = F94FD66B2155B22700BC49B2 /* Build configuration list for PBXNativeTarget "ios-googlemaps-helloworldTests" */;
			buildPhases = (
				F94FD6502155B22700BC49B2 /* Sources */,
				F94FD6512155B22700BC49B2 /* Frameworks */,
				F94FD6522155B22700BC49B2 /* Resources */,
			);
			buildRules = (
			);
			dependencies = (
				F94FD6562155B22700BC49B2 /* PBXTargetDependency */,
			);
			name = "ios-googlemaps-helloworldTests";
			productName = "ios-googlemaps-helloworldTests";
			productReference = F94FD6542155B22700BC49B2 /* ios-googlemaps-helloworldTests.xctest */;
			productType = "com.apple.product-type.bundle.unit-test";
		};
		F94FD65E2155B22700BC49B2 /* ios-googlemaps-helloworldUITests */ = {
			isa = PBXNativeTarget;
			buildConfigurationList = F94FD66E2155B22700BC49B2 /* Build configuration list for PBXNativeTarget "ios-googlemaps-helloworldUITests" */;
			buildPhases = (
				F94FD65B2155B22700BC49B2 /* Sources */,
				F94FD65C2155B22700BC49B2 /* Frameworks */,
				F94FD65D2155B22700BC49B2 /* Resources */,
			);
			buildRules = (
			);
			dependencies = (
				F94FD6612155B22700BC49B2 /* PBXTargetDependency */,
			);
			name = "ios-googlemaps-helloworldUITests";
			productName = "ios-googlemaps-helloworldUITests";
			productReference = F94FD65F2155B22700BC49B2 /* ios-googlemaps-helloworldUITests.xctest */;
			productType = "com.apple.product-type.bundle.ui-testing";
		};
/* End PBXNativeTarget section */

/* Begin PBXProject section */
		F94FD6382155B22700BC49B2 /* Project object */ = {
			isa = PBXProject;
			attributes = {
				LastSwiftUpdateCheck = 0940;
				LastUpgradeCheck = 0940;
				ORGANIZATIONNAME = "Lucas Mckenna";
				TargetAttributes = {
					F94FD63F2155B22700BC49B2 = {
						CreatedOnToolsVersion = 9.4.1;
					};
					F94FD6532155B22700BC49B2 = {
						CreatedOnToolsVersion = 9.4.1;
						TestTargetID = F94FD63F2155B22700BC49B2;
					};
					F94FD65E2155B22700BC49B2 = {
						CreatedOnToolsVersion = 9.4.1;
						TestTargetID = F94FD63F2155B22700BC49B2;
					};
				};
			};
			buildConfigurationList = F94FD63B2155B22700BC49B2 /* Build configuration list for PBXProject "ios-googlemaps-helloworld" */;
			compatibilityVersion = "Xcode 9.3";
			developmentRegion = en;
			hasScannedForEncodings = 0;
			knownRegions = (
				en,
				Base,
			);
			mainGroup = F94FD6372155B22700BC49B2;
			productRefGroup = F94FD6412155B22700BC49B2 /* Products */;
			projectDirPath = "";
			projectRoot = "";
			targets = (
				F94FD63F2155B22700BC49B2 /* ios-googlemaps-helloworld */,
				F94FD6532155B22700BC49B2 /* ios-googlemaps-helloworldTests */,
				F94FD65E2155B22700BC49B2 /* ios-googlemaps-helloworldUITests */,
			);
		};
/* End PBXProject section */

/* Begin PBXResourcesBuildPhase section */
		F94FD63E2155B22700BC49B2 /* Resources */ = {
			isa = PBXResourcesBuildPhase;
			buildActionMask = 2147483647;
			files = (
				F94FD64E2155B22700BC49B2 /* LaunchScreen.storyboard in Resources */,
				F94FD64B2155B22700BC49B2 /* Assets.xcassets in Resources */,
				F94FD6492155B22700BC49B2 /* Main.storyboard in Resources */,
			);
			runOnlyForDeploymentPostprocessing = 0;
		};
		F94FD6522155B22700BC49B2 /* Resources */ = {
			isa = PBXResourcesBuildPhase;
			buildActionMask = 2147483647;
			files = (
			);
			runOnlyForDeploymentPostprocessing = 0;
		};
		F94FD65D2155B22700BC49B2 /* Resources */ = {
			isa = PBXResourcesBuildPhase;
			buildActionMask = 2147483647;
			files = (
			);
			runOnlyForDeploymentPostprocessing = 0;
		};
/* End PBXResourcesBuildPhase section */

/* Begin PBXSourcesBuildPhase section */
		F94FD63C2155B22700BC49B2 /* Sources */ = {
			isa = PBXSourcesBuildPhase;
			buildActionMask = 2147483647;
			files = (
				F94FD6462155B22700BC49B2 /* ViewController.swift in Sources */,
				F94FD6442155B22700BC49B2 /* AppDelegate.swift in Sources */,
			);
			runOnlyForDeploymentPostprocessing = 0;
		};
		F94FD6502155B22700BC49B2 /* Sources */ = {
			isa = PBXSourcesBuildPhase;
			buildActionMask = 2147483647;
			files = (
				F94FD6592155B22700BC49B2 /* ios_googlemaps_helloworldTests.swift in Sources */,
			);
			runOnlyForDeploymentPostprocessing = 0;
		};
		F94FD65B2155B22700BC49B2 /* Sources */ = {
			isa = PBXSourcesBuildPhase;
			buildActionMask = 2147483647;
			files = (
				F94FD6642155B22700BC49B2 /* ios_googlemaps_helloworldUITests.swift in Sources */,
			);
			runOnlyForDeploymentPostprocessing = 0;
		};
/* End PBXSourcesBuildPhase section */

/* Begin PBXTargetDependency section */
		F94FD6562155B22700BC49B2 /* PBXTargetDependency */ = {
			isa = PBXTargetDependency;
			target = F94FD63F2155B22700BC49B2 /* ios-googlemaps-helloworld */;
			targetProxy = F94FD6552155B22700BC49B2 /* PBXContainerItemProxy */;
		};
		F94FD6612155B22700BC49B2 /* PBXTargetDependency */ = {
			isa = PBXTargetDependency;
			target = F94FD63F2155B22700BC49B2 /* ios-googlemaps-helloworld */;
			targetProxy = F94FD6602155B22700BC49B2 /* PBXContainerItemProxy */;
		};
/* End PBXTargetDependency section */

/* Begin PBXVariantGroup section */
		F94FD6472155B22700BC49B2 /* Main.storyboard */ = {
			isa = PBXVariantGroup;
			children = (
				F94FD6482155B22700BC49B2 /* Base */,
			);
			name = Main.storyboard;
			sourceTree = "<group>";
		};
		F94FD64C2155B22700BC49B2 /* LaunchScreen.storyboard */ = {
			isa = PBXVariantGroup;
			children = (
				F94FD64D2155B22700BC49B2 /* Base */,
			);
			name = LaunchScreen.storyboard;
			sourceTree = "<group>";
		};
/* End PBXVariantGroup section */

/* Begin XCBuildConfiguration section */
		F94FD6662155B22700BC49B2 /* Debug */ = {
			isa = XCBuildConfiguration;
			buildSettings = {
				ALWAYS_SEARCH_USER_PATHS = NO;
				CLANG_ANALYZER_NONNULL = YES;
				CLANG_ANALYZER_NUMBER_OBJECT_CONVERSION = YES_AGGRESSIVE;
				CLANG_CXX_LANGUAGE_STANDARD = "gnu++14";
				CLANG_CXX_LIBRARY = "libc++";
				CLANG_ENABLE_MODULES = YES;
				CLANG_ENABLE_OBJC_ARC = YES;
				CLANG_ENABLE_OBJC_WEAK = YES;
				CLANG_WARN_BLOCK_CAPTURE_AUTORELEASING = YES;
				CLANG_WARN_BOOL_CONVERSION = YES;
				CLANG_WARN_COMMA = YES;
				CLANG_WARN_CONSTANT_CONVERSION = YES;
				CLANG_WARN_DEPRECATED_OBJC_IMPLEMENTATIONS = YES;
				CLANG_WARN_DIRECT_OBJC_ISA_USAGE = YES_ERROR;
				CLANG_WARN_DOCUMENTATION_COMMENTS = YES;
				CLANG_WARN_EMPTY_BODY = YES;
				CLANG_WARN_ENUM_CONVERSION = YES;
				CLANG_WARN_INFINITE_RECURSION = YES;
				CLANG_WARN_INT_CONVERSION = YES;
				CLANG_WARN_NON_LITERAL_NULL_CONVERSION = YES;
				CLANG_WARN_OBJC_IMPLICIT_RETAIN_SELF = YES;
				CLANG_WARN_OBJC_LITERAL_CONVERSION = YES;
				CLANG_WARN_OBJC_ROOT_CLASS = YES_ERROR;
				CLANG_WARN_RANGE_LOOP_ANALYSIS = YES;
				CLANG_WARN_STRICT_PROTOTYPES = YES;
				CLANG_WARN_SUSPICIOUS_MOVE = YES;
				CLANG_WARN_UNGUARDED_AVAILABILITY = YES_AGGRESSIVE;
				CLANG_WARN_UNREACHABLE_CODE = YES;
				CLANG_WARN__DUPLICATE_METHOD_MATCH = YES;
				CODE_SIGN_IDENTITY = "iPhone Developer";
				COPY_PHASE_STRIP = NO;
				DEBUG_INFORMATION_FORMAT = dwarf;
				ENABLE_STRICT_OBJC_MSGSEND = YES;
				ENABLE_TESTABILITY = YES;
				GCC_C_LANGUAGE_STANDARD = gnu11;
				GCC_DYNAMIC_NO_PIC = NO;
				GCC_NO_COMMON_BLOCKS = YES;
				GCC_OPTIMIZATION_LEVEL = 0;
				GCC_PREPROCESSOR_DEFINITIONS = (
					"DEBUG=1",
					"$(inherited)",
				);
				GCC_WARN_64_TO_32_BIT_CONVERSION = YES;
				GCC_WARN_ABOUT_RETURN_TYPE = YES_ERROR;
				GCC_WARN_UNDECLARED_SELECTOR = YES;
				GCC_WARN_UNINITIALIZED_AUTOS = YES_AGGRESSIVE;
				GCC_WARN_UNUSED_FUNCTION = YES;
				GCC_WARN_UNUSED_VARIABLE = YES;
				IPHONEOS_DEPLOYMENT_TARGET = 11.4;
				MTL_ENABLE_DEBUG_INFO = YES;
				ONLY_ACTIVE_ARCH = YES;
				SDKROOT = iphoneos;
				SWIFT_ACTIVE_COMPILATION_CONDITIONS = DEBUG;
				SWIFT_OPTIMIZATION_LEVEL = "-Onone";
			};
			name = Debug;
		};
		F94FD6672155B22700BC49B2 /* Release */ = {
			isa = XCBuildConfiguration;
			buildSettings = {
				ALWAYS_SEARCH_USER_PATHS = NO;
				CLANG_ANALYZER_NONNULL = YES;
				CLANG_ANALYZER_NUMBER_OBJECT_CONVERSION = YES_AGGRESSIVE;
				CLANG_CXX_LANGUAGE_STANDARD = "gnu++14";
				CLANG_CXX_LIBRARY = "libc++";
				CLANG_ENABLE_MODULES = YES;
				CLANG_ENABLE_OBJC_ARC = YES;
				CLANG_ENABLE_OBJC_WEAK = YES;
				CLANG_WARN_BLOCK_CAPTURE_AUTORELEASING = YES;
				CLANG_WARN_BOOL_CONVERSION = YES;
				CLANG_WARN_COMMA = YES;
				CLANG_WARN_CONSTANT_CONVERSION = YES;
				CLANG_WARN_DEPRECATED_OBJC_IMPLEMENTATIONS = YES;
				CLANG_WARN_DIRECT_OBJC_ISA_USAGE = YES_ERROR;
				CLANG_WARN_DOCUMENTATION_COMMENTS = YES;
				CLANG_WARN_EMPTY_BODY = YES;
				CLANG_WARN_ENUM_CONVERSION = YES;
				CLANG_WARN_INFINITE_RECURSION = YES;
				CLANG_WARN_INT_CONVERSION = YES;
				CLANG_WARN_NON_LITERAL_NULL_CONVERSION = YES;
				CLANG_WARN_OBJC_IMPLICIT_RETAIN_SELF = YES;
				CLANG_WARN_OBJC_LITERAL_CONVERSION = YES;
				CLANG_WARN_OBJC_ROOT_CLASS = YES_ERROR;
				CLANG_WARN_RANGE_LOOP_ANALYSIS = YES;
				CLANG_WARN_STRICT_PROTOTYPES = YES;
				CLANG_WARN_SUSPICIOUS_MOVE = YES;
				CLANG_WARN_UNGUARDED_AVAILABILITY = YES_AGGRESSIVE;
				CLANG_WARN_UNREACHABLE_CODE = YES;
				CLANG_WARN__DUPLICATE_METHOD_MATCH = YES;
				CODE_SIGN_IDENTITY = "iPhone Developer";
				COPY_PHASE_STRIP = NO;
				DEBUG_INFORMATION_FORMAT = "dwarf-with-dsym";
				ENABLE_NS_ASSERTIONS = NO;
				ENABLE_STRICT_OBJC_MSGSEND = YES;
				GCC_C_LANGUAGE_STANDARD = gnu11;
				GCC_NO_COMMON_BLOCKS = YES;
				GCC_WARN_64_TO_32_BIT_CONVERSION = YES;
				GCC_WARN_ABOUT_RETURN_TYPE = YES_ERROR;
				GCC_WARN_UNDECLARED_SELECTOR = YES;
				GCC_WARN_UNINITIALIZED_AUTOS = YES_AGGRESSIVE;
				GCC_WARN_UNUSED_FUNCTION = YES;
				GCC_WARN_UNUSED_VARIABLE = YES;
				IPHONEOS_DEPLOYMENT_TARGET = 11.4;
				MTL_ENABLE_DEBUG_INFO = NO;
				SDKROOT = iphoneos;
				SWIFT_COMPILATION_MODE = wholemodule;
				SWIFT_OPTIMIZATION_LEVEL = "-O";
				VALIDATE_PRODUCT = YES;
			};
			name = Release;
		};
		F94FD6692155B22700BC49B2 /* Debug */ = {
			isa = XCBuildConfiguration;
			buildSettings = {
				ASSETCATALOG_COMPILER_APPICON_NAME = AppIcon;
				CODE_SIGN_STYLE = Automatic;
				DEVELOPMENT_TEAM = Z633UZ59K8;
				INFOPLIST_FILE = "ios-googlemaps-helloworld/Info.plist";
				LD_RUNPATH_SEARCH_PATHS = (
					"$(inherited)",
					"@executable_path/Frameworks",
				);
				PRODUCT_BUNDLE_IDENTIFIER = "navisens.ios-googlemaps-helloworld";
				PRODUCT_NAME = "$(TARGET_NAME)";
				SWIFT_VERSION = 4.0;
				TARGETED_DEVICE_FAMILY = "1,2";
			};
			name = Debug;
		};
		F94FD66A2155B22700BC49B2 /* Release */ = {
			isa = XCBuildConfiguration;
			buildSettings = {
				ASSETCATALOG_COMPILER_APPICON_NAME = AppIcon;
				CODE_SIGN_STYLE = Automatic;
				DEVELOPMENT_TEAM = Z633UZ59K8;
				INFOPLIST_FILE = "ios-googlemaps-helloworld/Info.plist";
				LD_RUNPATH_SEARCH_PATHS = (
					"$(inherited)",
					"@executable_path/Frameworks",
				);
				PRODUCT_BUNDLE_IDENTIFIER = "navisens.ios-googlemaps-helloworld";
				PRODUCT_NAME = "$(TARGET_NAME)";
				SWIFT_VERSION = 4.0;
				TARGETED_DEVICE_FAMILY = "1,2";
			};
			name = Release;
		};
		F94FD66C2155B22700BC49B2 /* Debug */ = {
			isa = XCBuildConfiguration;
			buildSettings = {
				ALWAYS_EMBED_SWIFT_STANDARD_LIBRARIES = YES;
				BUNDLE_LOADER = "$(TEST_HOST)";
				CODE_SIGN_STYLE = Automatic;
				DEVELOPMENT_TEAM = Z633UZ59K8;
				INFOPLIST_FILE = "ios-googlemaps-helloworldTests/Info.plist";
				LD_RUNPATH_SEARCH_PATHS = (
					"$(inherited)",
					"@executable_path/Frameworks",
					"@loader_path/Frameworks",
				);
				PRODUCT_BUNDLE_IDENTIFIER = "navisens.ios-googlemaps-helloworldTests";
				PRODUCT_NAME = "$(TARGET_NAME)";
				SWIFT_VERSION = 4.0;
				TARGETED_DEVICE_FAMILY = "1,2";
				TEST_HOST = "$(BUILT_PRODUCTS_DIR)/ios-googlemaps-helloworld.app/ios-googlemaps-helloworld";
			};
			name = Debug;
		};
		F94FD66D2155B22700BC49B2 /* Release */ = {
			isa = XCBuildConfiguration;
			buildSettings = {
				ALWAYS_EMBED_SWIFT_STANDARD_LIBRARIES = YES;
				BUNDLE_LOADER = "$(TEST_HOST)";
				CODE_SIGN_STYLE = Automatic;
				DEVELOPMENT_TEAM = Z633UZ59K8;
				INFOPLIST_FILE = "ios-googlemaps-helloworldTests/Info.plist";
				LD_RUNPATH_SEARCH_PATHS = (
					"$(inherited)",
					"@executable_path/Frameworks",
					"@loader_path/Frameworks",
				);
				PRODUCT_BUNDLE_IDENTIFIER = "navisens.ios-googlemaps-helloworldTests";
				PRODUCT_NAME = "$(TARGET_NAME)";
				SWIFT_VERSION = 4.0;
				TARGETED_DEVICE_FAMILY = "1,2";
				TEST_HOST = "$(BUILT_PRODUCTS_DIR)/ios-googlemaps-helloworld.app/ios-googlemaps-helloworld";
			};
			name = Release;
		};
		F94FD66F2155B22700BC49B2 /* Debug */ = {
			isa = XCBuildConfiguration;
			buildSettings = {
				ALWAYS_EMBED_SWIFT_STANDARD_LIBRARIES = YES;
				CODE_SIGN_STYLE = Automatic;
				DEVELOPMENT_TEAM = Z633UZ59K8;
				INFOPLIST_FILE = "ios-googlemaps-helloworldUITests/Info.plist";
				LD_RUNPATH_SEARCH_PATHS = (
					"$(inherited)",
					"@executable_path/Frameworks",
					"@loader_path/Frameworks",
				);
				PRODUCT_BUNDLE_IDENTIFIER = "navisens.ios-googlemaps-helloworldUITests";
				PRODUCT_NAME = "$(TARGET_NAME)";
				SWIFT_VERSION = 4.0;
				TARGETED_DEVICE_FAMILY = "1,2";
				TEST_TARGET_NAME = "ios-googlemaps-helloworld";
			};
			name = Debug;
		};
		F94FD6702155B22700BC49B2 /* Release */ = {
			isa = XCBuildConfiguration;
			buildSettings = {
				ALWAYS_EMBED_SWIFT_STANDARD_LIBRARIES = YES;
				CODE_SIGN_STYLE = Automatic;
				DEVELOPMENT_TEAM = Z633UZ59K8;
				INFOPLIST_FILE = "ios-googlemaps-helloworldUITests/Info.plist";
				LD_RUNPATH_SEARCH_PATHS = (
					"$(inherited)",
					"@executable_path/Frameworks",
					"@loader_path/Frameworks",
				);
				PRODUCT_BUNDLE_IDENTIFIER = "navisens.ios-googlemaps-helloworldUITests";
				PRODUCT_NAME = "$(TARGET_NAME)";
				SWIFT_VERSION = 4.0;
				TARGETED_DEVICE_FAMILY = "1,2";
				TEST_TARGET_NAME = "ios-googlemaps-helloworld";
			};
			name = Release;
		};
/* End XCBuildConfiguration section */

/* Begin XCConfigurationList section */
		F94FD63B2155B22700BC49B2 /* Build configuration list for PBXProject "ios-googlemaps-helloworld" */ = {
			isa = XCConfigurationList;
			buildConfigurations = (
				F94FD6662155B22700BC49B2 /* Debug */,
				F94FD6672155B22700BC49B2 /* Release */,
			);
			defaultConfigurationIsVisible = 0;
			defaultConfigurationName = Release;
		};
		F94FD6682155B22700BC49B2 /* Build configuration list for PBXNativeTarget "ios-googlemaps-helloworld" */ = {
			isa = XCConfigurationList;
			buildConfigurations = (
				F94FD6692155B22700BC49B2 /* Debug */,
				F94FD66A2155B22700BC49B2 /* Release */,
			);
			defaultConfigurationIsVisible = 0;
			defaultConfigurationName = Release;
		};
		F94FD66B2155B22700BC49B2 /* Build configuration list for PBXNativeTarget "ios-googlemaps-helloworldTests" */ = {
			isa = XCConfigurationList;
			buildConfigurations = (
				F94FD66C2155B22700BC49B2 /* Debug */,
				F94FD66D2155B22700BC49B2 /* Release */,
			);
			defaultConfigurationIsVisible = 0;
			defaultConfigurationName = Release;
		};
		F94FD66E2155B22700BC49B2 /* Build configuration list for PBXNativeTarget "ios-googlemaps-helloworldUITests" */ = {
			isa = XCConfigurationList;
			buildConfigurations = (
				F94FD66F2155B22700BC49B2 /* Debug */,
				F94FD6702155B22700BC49B2 /* Release */,
			);
			defaultConfigurationIsVisible = 0;
			defaultConfigurationName = Release;
		};
/* End XCConfigurationList section */
	};
	rootObject = F94FD6382155B22700BC49B2 /* Project object */;
}
